
Microsoft Visual Studio Solution File, Format Version 12.00
# Visual Studio Version 16
VisualStudioVersion = 16.0.30907.101
MinimumVisualStudioVersion = 10.0.40219.1
Project("{9A19103F-16F7-4668-BE54-9A1E7A4F7556}") = "BlogMeImFamous", "BlogMeImFamous\BlogMeImFamous.csproj", "{F76AC859-2EA6-497B-A6EE-6DB112667782}"
EndProject
Global
	GlobalSection(SolutionConfigurationPlatforms) = preSolution
		Debug|Any CPU = Debug|Any CPU
		Release|Any CPU = Release|Any CPU
	EndGlobalSection
	GlobalSection(ProjectConfigurationPlatforms) = postSolution
		{F76AC859-2EA6-497B-A6EE-6DB112667782}.Debug|Any CPU.ActiveCfg = Debug|Any CPU
		{F76AC859-2EA6-497B-A6EE-6DB112667782}.Debug|Any CPU.Build.0 = Debug|Any CPU
		{F76AC859-2EA6-497B-A6EE-6DB112667782}.Release|Any CPU.ActiveCfg = Release|Any CPU
		{F76AC859-2EA6-497B-A6EE-6DB112667782}.Release|Any CPU.Build.0 = Release|Any CPU
	EndGlobalSection
	GlobalSection(SolutionProperties) = preSolution
		HideSolutionNode = FALSE
	EndGlobalSection
	GlobalSection(ExtensibilityGlobals) = postSolution
		SolutionGuid = {B28404BA-4928-42AB-938C-6942FFDF4C65}
	EndGlobalSection
EndGlobal
